PODS:
  - Alamofire (5.4.3)
  - OpenTok (2.20.0)
  - Stripe (19.4.1)

DEPENDENCIES:
  - Alamofire
  - OpenTok
  - Stripe

SPEC REPOS:
  trunk:
    - Alamofire
    - OpenTok
    - Stripe

SPEC CHECKSUMS:
  Alamofire: e447a2774a40c996748296fa2c55112fdbbc42f9
  OpenTok: 414c2c1dc6486f1897015e4d1703558d5eed48c3
  Stripe: 5914399ac5878056b985d56b409cb4bb1e7fc7e8

PODFILE CHECKSUM: 5ec9068abf41e31247cd33b63ddf15968f395a40

COCOAPODS: 1.10.1
