// !$*UTF8*$!
{
	archiveVersion = 1;
	classes = {
	};
	objectVersion = 46;
	objects = {

/* Begin PBXBuildFile section */
		40CF89581F34ABFEBE524F92 /* Pods_InSignLanguage.framework in Frameworks */ = {isa = PBXBuildFile; fileRef = 8230F9041DA7EE9932C7AA17 /* Pods_InSignLanguage.framework */; };
		8B24AE89202C943600DFA74B /* ChangePasswordController.swift in Sources */ = {isa = PBXBuildFile; fileRef = 8B24AE88202C943600DFA74B /* ChangePasswordController.swift */; };
		8B24AE8B202C949700DFA74B /* CustomerDetailsController.swift in Sources */ = {isa = PBXBuildFile; fileRef = 8B24AE8A202C949700DFA74B /* CustomerDetailsController.swift */; };
		8B24AE8D202C94B800DFA74B /* BillingDetailsController.swift in Sources */ = {isa = PBXBuildFile; fileRef = 8B24AE8C202C94B800DFA74B /* BillingDetailsController.swift */; };
		8BC4D4F720235DFE00B68D27 /* Model.swift in Sources */ = {isa = PBXBuildFile; fileRef = 8BC4D4F620235DFE00B68D27 /* Model.swift */; };
		EE22E67F1FC49F910088A49E /* onhold-circle.png in Resources */ = {isa = PBXBuildFile; fileRef = EE22E67E1FC49F910088A49E /* onhold-circle.png */; };
		EE22E6811FC82C180088A49E /* onhold-image.png in Resources */ = {isa = PBXBuildFile; fileRef = EE22E6801FC82C180088A49E /* onhold-image.png */; };
		EE3325151EC9F395002D9543 /* AppDelegate.swift in Sources */ = {isa = PBXBuildFile; fileRef = EE3325141EC9F395002D9543 /* AppDelegate.swift */; };
		EE33251A1EC9F395002D9543 /* Main.storyboard in Resources */ = {isa = PBXBuildFile; fileRef = EE3325181EC9F395002D9543 /* Main.storyboard */; };
		EE4D6DB41ECA124D00EB2E63 /* Assets.xcassets in Resources */ = {isa = PBXBuildFile; fileRef = EE4D6DB31ECA124D00EB2E63 /* Assets.xcassets */; };
		EE66CD601FE94054004B1F29 /* back.png in Resources */ = {isa = PBXBuildFile; fileRef = EE66CD5F1FE94054004B1F29 /* back.png */; };
		EE7C497F1FE95100009E9A12 /* RegisterController.swift in Sources */ = {isa = PBXBuildFile; fileRef = EE7C497E1FE95100009E9A12 /* RegisterController.swift */; };
		EE7C49811FE95291009E9A12 /* ResetPasswordController.swift in Sources */ = {isa = PBXBuildFile; fileRef = EE7C49801FE95291009E9A12 /* ResetPasswordController.swift */; };
		EEC2480D1EC9F58B003EEDA1 /* hangup.png in Resources */ = {isa = PBXBuildFile; fileRef = EEC248041EC9F58B003EEDA1 /* hangup.png */; };
		EEC2480E1EC9F58B003EEDA1 /* LoginController.swift in Sources */ = {isa = PBXBuildFile; fileRef = EEC248051EC9F58B003EEDA1 /* LoginController.swift */; };
		EEC2480F1EC9F58B003EEDA1 /* logo.png in Resources */ = {isa = PBXBuildFile; fileRef = EEC248061EC9F58B003EEDA1 /* logo.png */; };
		EEC248111EC9F58B003EEDA1 /* phone.png in Resources */ = {isa = PBXBuildFile; fileRef = EEC248081EC9F58B003EEDA1 /* phone.png */; };
		EEC248121EC9F58B003EEDA1 /* ReadyToCallController.swift in Sources */ = {isa = PBXBuildFile; fileRef = EEC248091EC9F58B003EEDA1 /* ReadyToCallController.swift */; };
		EEC248131EC9F58B003EEDA1 /* VideoDisplayController.swift in Sources */ = {isa = PBXBuildFile; fileRef = EEC2480A1EC9F58B003EEDA1 /* VideoDisplayController.swift */; };
		EEC248151EC9F58B003EEDA1 /* Base.lproj in Resources */ = {isa = PBXBuildFile; fileRef = EEC2480C1EC9F58B003EEDA1 /* Base.lproj */; };
		EEF06A421FE42120004626C1 /* LaunchScreen.storyboard in Resources */ = {isa = PBXBuildFile; fileRef = EEF06A401FE42120004626C1 /* LaunchScreen.storyboard */; };
/* End PBXBuildFile section */

/* Begin PBXFileReference section */
		6CE316CF5A1693807A51241E /* Pods-InSignLanguage.debug.xcconfig */ = {isa = PBXFileReference; includeInIndex = 1; lastKnownFileType = text.xcconfig; name = "Pods-InSignLanguage.debug.xcconfig"; path = "Pods/Target Support Files/Pods-InSignLanguage/Pods-InSignLanguage.debug.xcconfig"; sourceTree = "<group>"; };
		8230F9041DA7EE9932C7AA17 /* Pods_InSignLanguage.framework */ = {isa = PBXFileReference; explicitFileType = wrapper.framework; includeInIndex = 0; path = Pods_InSignLanguage.framework; sourceTree = BUILT_PRODUCTS_DIR; };
		8B24AE88202C943600DFA74B /* ChangePasswordController.swift */ = {isa = PBXFileReference; fileEncoding = 4; lastKnownFileType = sourcecode.swift; path = ChangePasswordController.swift; sourceTree = "<group>"; };
		8B24AE8A202C949700DFA74B /* CustomerDetailsController.swift */ = {isa = PBXFileReference; fileEncoding = 4; lastKnownFileType = sourcecode.swift; path = CustomerDetailsController.swift; sourceTree = "<group>"; };
		8B24AE8C202C94B800DFA74B /* BillingDetailsController.swift */ = {isa = PBXFileReference; fileEncoding = 4; lastKnownFileType = sourcecode.swift; path = BillingDetailsController.swift; sourceTree = "<group>"; };
		8BC4D4F620235DFE00B68D27 /* Model.swift */ = {isa = PBXFileReference; fileEncoding = 4; lastKnownFileType = sourcecode.swift; path = Model.swift; sourceTree = "<group>"; };
		98433EAD26FC19263B3AAB5F /* Pods-InSignLanguage.release.xcconfig */ = {isa = PBXFileReference; includeInIndex = 1; lastKnownFileType = text.xcconfig; name = "Pods-InSignLanguage.release.xcconfig"; path = "Pods/Target Support Files/Pods-InSignLanguage/Pods-InSignLanguage.release.xcconfig"; sourceTree = "<group>"; };
		EE22E67E1FC49F910088A49E /* onhold-circle.png */ = {isa = PBXFileReference; lastKnownFileType = image.png; path = "onhold-circle.png"; sourceTree = "<group>"; };
		EE22E6801FC82C180088A49E /* onhold-image.png */ = {isa = PBXFileReference; lastKnownFileType = image.png; path = "onhold-image.png"; sourceTree = "<group>"; };
		EE3325111EC9F395002D9543 /* InSignLanguage.app */ = {isa = PBXFileReference; explicitFileType = wrapper.application; includeInIndex = 0; path = InSignLanguage.app; sourceTree = BUILT_PRODUCTS_DIR; };
		EE3325141EC9F395002D9543 /* AppDelegate.swift */ = {isa = PBXFileReference; lastKnownFileType = sourcecode.swift; path = AppDelegate.swift; sourceTree = "<group>"; };
		EE3325191EC9F395002D9543 /* Base */ = {isa = PBXFileReference; lastKnownFileType = file.storyboard; name = Base; path = Base.lproj/Main.storyboard; sourceTree = "<group>"; };
		EE3325201EC9F395002D9543 /* Info.plist */ = {isa = PBXFileReference; lastKnownFileType = text.plist.xml; path = Info.plist; sourceTree = "<group>"; };
		EE4D6DB31ECA124D00EB2E63 /* Assets.xcassets */ = {isa = PBXFileReference; lastKnownFileType = folder.assetcatalog; path = Assets.xcassets; sourceTree = "<group>"; };
		EE66CD5F1FE94054004B1F29 /* back.png */ = {isa = PBXFileReference; lastKnownFileType = image.png; path = back.png; sourceTree = "<group>"; };
		EE7C497E1FE95100009E9A12 /* RegisterController.swift */ = {isa = PBXFileReference; fileEncoding = 4; lastKnownFileType = sourcecode.swift; path = RegisterController.swift; sourceTree = "<group>"; };
		EE7C49801FE95291009E9A12 /* ResetPasswordController.swift */ = {isa = PBXFileReference; fileEncoding = 4; lastKnownFileType = sourcecode.swift; path = ResetPasswordController.swift; sourceTree = "<group>"; };
		EEC248041EC9F58B003EEDA1 /* hangup.png */ = {isa = PBXFileReference; lastKnownFileType = image.png; path = hangup.png; sourceTree = "<group>"; };
		EEC248051EC9F58B003EEDA1 /* LoginController.swift */ = {isa = PBXFileReference; fileEncoding = 4; lastKnownFileType = sourcecode.swift; path = LoginController.swift; sourceTree = "<group>"; };
		EEC248061EC9F58B003EEDA1 /* logo.png */ = {isa = PBXFileReference; lastKnownFileType = image.png; path = logo.png; sourceTree = "<group>"; };
		EEC248081EC9F58B003EEDA1 /* phone.png */ = {isa = PBXFileReference; lastKnownFileType = image.png; path = phone.png; sourceTree = "<group>"; };
		EEC248091EC9F58B003EEDA1 /* ReadyToCallController.swift */ = {isa = PBXFileReference; fileEncoding = 4; lastKnownFileType = sourcecode.swift; path = ReadyToCallController.swift; sourceTree = "<group>"; };
		EEC2480A1EC9F58B003EEDA1 /* VideoDisplayController.swift */ = {isa = PBXFileReference; fileEncoding = 4; lastKnownFileType = sourcecode.swift; path = VideoDisplayController.swift; sourceTree = "<group>"; };
		EEC2480C1EC9F58B003EEDA1 /* Base.lproj */ = {isa = PBXFileReference; lastKnownFileType = folder; path = Base.lproj; sourceTree = "<group>"; };
		EEF06A411FE42120004626C1 /* Base */ = {isa = PBXFileReference; lastKnownFileType = file.storyboard; name = Base; path = Base.lproj/LaunchScreen.storyboard; sourceTree = "<group>"; };
/* End PBXFileReference section */

/* Begin PBXFrameworksBuildPhase section */
		EE33250E1EC9F394002D9543 /* Frameworks */ = {
			isa = PBXFrameworksBuildPhase;
			buildActionMask = 2147483647;
			files = (
				40CF89581F34ABFEBE524F92 /* Pods_InSignLanguage.framework in Frameworks */,
			);
			runOnlyForDeploymentPostprocessing = 0;
		};
/* End PBXFrameworksBuildPhase section */

/* Begin PBXGroup section */
		404B872470739B23C959DEFD /* Frameworks */ = {
			isa = PBXGroup;
			children = (
				8230F9041DA7EE9932C7AA17 /* Pods_InSignLanguage.framework */,
			);
			name = Frameworks;
			sourceTree = "<group>";
		};
		D454AC0CF57EA7695995B152 /* Pods */ = {
			isa = PBXGroup;
			children = (
				6CE316CF5A1693807A51241E /* Pods-InSignLanguage.debug.xcconfig */,
				98433EAD26FC19263B3AAB5F /* Pods-InSignLanguage.release.xcconfig */,
			);
			name = Pods;
			sourceTree = "<group>";
		};
		EE3325081EC9F394002D9543 = {
			isa = PBXGroup;
			children = (
				EE3325131EC9F395002D9543 /* InSignLanguage */,
				EE3325121EC9F395002D9543 /* Products */,
				D454AC0CF57EA7695995B152 /* Pods */,
				404B872470739B23C959DEFD /* Frameworks */,
			);
			sourceTree = "<group>";
		};
		EE3325121EC9F395002D9543 /* Products */ = {
			isa = PBXGroup;
			children = (
				EE3325111EC9F395002D9543 /* InSignLanguage.app */,
			);
			name = Products;
			sourceTree = "<group>";
		};
		EE3325131EC9F395002D9543 /* InSignLanguage */ = {
			isa = PBXGroup;
			children = (
				EE4D6DB31ECA124D00EB2E63 /* Assets.xcassets */,
				EEC248051EC9F58B003EEDA1 /* LoginController.swift */,
				EE7C497E1FE95100009E9A12 /* RegisterController.swift */,
				EE7C49801FE95291009E9A12 /* ResetPasswordController.swift */,
				8B24AE8A202C949700DFA74B /* CustomerDetailsController.swift */,
				8B24AE88202C943600DFA74B /* ChangePasswordController.swift */,
				8B24AE8C202C94B800DFA74B /* BillingDetailsController.swift */,
				EEC248091EC9F58B003EEDA1 /* ReadyToCallController.swift */,
				EEC2480A1EC9F58B003EEDA1 /* VideoDisplayController.swift */,
				8BC4D4F620235DFE00B68D27 /* Model.swift */,
				EE66CD5F1FE94054004B1F29 /* back.png */,
				EEC248041EC9F58B003EEDA1 /* hangup.png */,
				EEC248061EC9F58B003EEDA1 /* logo.png */,
				EE22E67E1FC49F910088A49E /* onhold-circle.png */,
				EE22E6801FC82C180088A49E /* onhold-image.png */,
				EEC248081EC9F58B003EEDA1 /* phone.png */,
				EEC2480C1EC9F58B003EEDA1 /* Base.lproj */,
				EE3325141EC9F395002D9543 /* AppDelegate.swift */,
				EE3325181EC9F395002D9543 /* Main.storyboard */,
				EEF06A401FE42120004626C1 /* LaunchScreen.storyboard */,
				EE3325201EC9F395002D9543 /* Info.plist */,
			);
			path = InSignLanguage;
			sourceTree = "<group>";
		};
/* End PBXGroup section */

/* Begin PBXNativeTarget section */
		EE3325101EC9F394002D9543 /* InSignLanguage */ = {
			isa = PBXNativeTarget;
			buildConfigurationList = EE3325231EC9F395002D9543 /* Build configuration list for PBXNativeTarget "InSignLanguage" */;
			buildPhases = (
				7B193006F6512735D62EB3FF /* [CP] Check Pods Manifest.lock */,
				EE33250D1EC9F394002D9543 /* Sources */,
				EE33250E1EC9F394002D9543 /* Frameworks */,
				EE33250F1EC9F394002D9543 /* Resources */,
				08B4291E8355014006DB8025 /* [CP] Embed Pods Frameworks */,
				E241D1D405146502C1458115 /* [CP] Copy Pods Resources */,
			);
			buildRules = (
			);
			dependencies = (
			);
			name = InSignLanguage;
			productName = InSignLanguage;
			productReference = EE3325111EC9F395002D9543 /* InSignLanguage.app */;
			productType = "com.apple.product-type.application";
		};
/* End PBXNativeTarget section */

/* Begin PBXProject section */
		EE3325091EC9F394002D9543 /* Project object */ = {
			isa = PBXProject;
			attributes = {
				LastSwiftUpdateCheck = 0830;
				LastUpgradeCheck = 0830;
				ORGANIZATIONNAME = "Yvonne Eva Hannah Louise DeBrett";
				TargetAttributes = {
					EE3325101EC9F394002D9543 = {
						CreatedOnToolsVersion = 8.3.1;
						DevelopmentTeam = 2KBR239UZK;
						ProvisioningStyle = Automatic;
					};
				};
			};
			buildConfigurationList = EE33250C1EC9F394002D9543 /* Build configuration list for PBXProject "InSignLanguage" */;
			compatibilityVersion = "Xcode 3.2";
			developmentRegion = English;
			hasScannedForEncodings = 0;
			knownRegions = (
				en,
				Base,
			);
			mainGroup = EE3325081EC9F394002D9543;
			productRefGroup = EE3325121EC9F395002D9543 /* Products */;
			projectDirPath = "";
			projectRoot = "";
			targets = (
				EE3325101EC9F394002D9543 /* InSignLanguage */,
			);
		};
/* End PBXProject section */

/* Begin PBXResourcesBuildPhase section */
		EE33250F1EC9F394002D9543 /* Resources */ = {
			isa = PBXResourcesBuildPhase;
			buildActionMask = 2147483647;
			files = (
				EEF06A421FE42120004626C1 /* LaunchScreen.storyboard in Resources */,
				EEC2480D1EC9F58B003EEDA1 /* hangup.png in Resources */,
				EE22E67F1FC49F910088A49E /* onhold-circle.png in Resources */,
				EEC2480F1EC9F58B003EEDA1 /* logo.png in Resources */,
				EEC248151EC9F58B003EEDA1 /* Base.lproj in Resources */,
				EEC248111EC9F58B003EEDA1 /* phone.png in Resources */,
				EE66CD601FE94054004B1F29 /* back.png in Resources */,
				EE4D6DB41ECA124D00EB2E63 /* Assets.xcassets in Resources */,
				EE33251A1EC9F395002D9543 /* Main.storyboard in Resources */,
				EE22E6811FC82C180088A49E /* onhold-image.png in Resources */,
			);
			runOnlyForDeploymentPostprocessing = 0;
		};
/* End PBXResourcesBuildPhase section */

/* Begin PBXShellScriptBuildPhase section */
		08B4291E8355014006DB8025 /* [CP] Embed Pods Frameworks */ = {
			isa = PBXShellScriptBuildPhase;
			buildActionMask = 2147483647;
			files = (
			);
			inputPaths = (
			);
			name = "[CP] Embed Pods Frameworks";
			outputPaths = (
			);
			runOnlyForDeploymentPostprocessing = 0;
			shellPath = /bin/sh;
			shellScript = "\"${SRCROOT}/Pods/Target Support Files/Pods-InSignLanguage/Pods-InSignLanguage-frameworks.sh\"\n";
			showEnvVarsInLog = 0;
		};
		7B193006F6512735D62EB3FF /* [CP] Check Pods Manifest.lock */ = {
			isa = PBXShellScriptBuildPhase;
			buildActionMask = 2147483647;
			files = (
			);
			inputPaths = (
			);
			name = "[CP] Check Pods Manifest.lock";
			outputPaths = (
			);
			runOnlyForDeploymentPostprocessing = 0;
			shellPath = /bin/sh;
			shellScript = "diff \"${PODS_PODFILE_DIR_PATH}/Podfile.lock\" \"${PODS_ROOT}/Manifest.lock\" > /dev/null\nif [ $? != 0 ] ; then\n    # print error to STDERR\n    echo \"error: The sandbox is not in sync with the Podfile.lock. Run 'pod install' or update your CocoaPods installation.\" >&2\n    exit 1\nfi\n";
			showEnvVarsInLog = 0;
		};
		E241D1D405146502C1458115 /* [CP] Copy Pods Resources */ = {
			isa = PBXShellScriptBuildPhase;
			buildActionMask = 2147483647;
			files = (
			);
			inputPaths = (
			);
			name = "[CP] Copy Pods Resources";
			outputPaths = (
			);
			runOnlyForDeploymentPostprocessing = 0;
			shellPath = /bin/sh;
			shellScript = "\"${SRCROOT}/Pods/Target Support Files/Pods-InSignLanguage/Pods-InSignLanguage-resources.sh\"\n";
			showEnvVarsInLog = 0;
		};
/* End PBXShellScriptBuildPhase section */

/* Begin PBXSourcesBuildPhase section */
		EE33250D1EC9F394002D9543 /* Sources */ = {
			isa = PBXSourcesBuildPhase;
			buildActionMask = 2147483647;
			files = (
				EEC248131EC9F58B003EEDA1 /* VideoDisplayController.swift in Sources */,
				EE7C49811FE95291009E9A12 /* ResetPasswordController.swift in Sources */,
				EE7C497F1FE95100009E9A12 /* RegisterController.swift in Sources */,
				8B24AE8B202C949700DFA74B /* CustomerDetailsController.swift in Sources */,
				EE3325151EC9F395002D9543 /* AppDelegate.swift in Sources */,
				EEC248121EC9F58B003EEDA1 /* ReadyToCallController.swift in Sources */,
				8B24AE8D202C94B800DFA74B /* BillingDetailsController.swift in Sources */,
				8B24AE89202C943600DFA74B /* ChangePasswordController.swift in Sources */,
				EEC2480E1EC9F58B003EEDA1 /* LoginController.swift in Sources */,
				8BC4D4F720235DFE00B68D27 /* Model.swift in Sources */,
			);
			runOnlyForDeploymentPostprocessing = 0;
		};
/* End PBXSourcesBuildPhase section */

/* Begin PBXVariantGroup section */
		EE3325181EC9F395002D9543 /* Main.storyboard */ = {
			isa = PBXVariantGroup;
			children = (
				EE3325191EC9F395002D9543 /* Base */,
			);
			name = Main.storyboard;
			sourceTree = "<group>";
		};
		EEF06A401FE42120004626C1 /* LaunchScreen.storyboard */ = {
			isa = PBXVariantGroup;
			children = (
				EEF06A411FE42120004626C1 /* Base */,
			);
			name = LaunchScreen.storyboard;
			sourceTree = "<group>";
		};
/* End PBXVariantGroup section */

/* Begin XCBuildConfiguration section */
		EE3325211EC9F395002D9543 /* Debug */ = {
			isa = XCBuildConfiguration;
			buildSettings = {
				ALWAYS_SEARCH_USER_PATHS = NO;
				CLANG_ANALYZER_NONNULL = YES;
				CLANG_ANALYZER_NUMBER_OBJECT_CONVERSION = YES_AGGRESSIVE;
				CLANG_CXX_LANGUAGE_STANDARD = "gnu++0x";
				CLANG_CXX_LIBRARY = "libc++";
				CLANG_ENABLE_MODULES = YES;
				CLANG_ENABLE_OBJC_ARC = YES;
				CLANG_WARN_BOOL_CONVERSION = YES;
				CLANG_WARN_CONSTANT_CONVERSION = YES;
				CLANG_WARN_DIRECT_OBJC_ISA_USAGE = YES_ERROR;
				CLANG_WARN_DOCUMENTATION_COMMENTS = YES;
				CLANG_WARN_EMPTY_BODY = YES;
				CLANG_WARN_ENUM_CONVERSION = YES;
				CLANG_WARN_INFINITE_RECURSION = YES;
				CLANG_WARN_INT_CONVERSION = YES;
				CLANG_WARN_OBJC_ROOT_CLASS = YES_ERROR;
				CLANG_WARN_SUSPICIOUS_MOVE = YES;
				CLANG_WARN_UNREACHABLE_CODE = YES;
				CLANG_WARN__DUPLICATE_METHOD_MATCH = YES;
				"CODE_SIGN_IDENTITY[sdk=iphoneos*]" = "iPhone Developer";
				COPY_PHASE_STRIP = NO;
				DEBUG_INFORMATION_FORMAT = dwarf;
				ENABLE_STRICT_OBJC_MSGSEND = YES;
				ENABLE_TESTABILITY = YES;
				GCC_C_LANGUAGE_STANDARD = gnu99;
				GCC_DYNAMIC_NO_PIC = NO;
				GCC_NO_COMMON_BLOCKS = YES;
				GCC_OPTIMIZATION_LEVEL = 0;
				GCC_PREPROCESSOR_DEFINITIONS = (
					"DEBUG=1",
					"$(inherited)",
				);
				GCC_WARN_64_TO_32_BIT_CONVERSION = YES;
				GCC_WARN_ABOUT_RETURN_TYPE = YES_ERROR;
				GCC_WARN_UNDECLARED_SELECTOR = YES;
				GCC_WARN_UNINITIALIZED_AUTOS = YES_AGGRESSIVE;
				GCC_WARN_UNUSED_FUNCTION = YES;
				GCC_WARN_UNUSED_VARIABLE = YES;
				IPHONEOS_DEPLOYMENT_TARGET = 10.3;
				MTL_ENABLE_DEBUG_INFO = YES;
				ONLY_ACTIVE_ARCH = YES;
				SDKROOT = iphoneos;
				SWIFT_ACTIVE_COMPILATION_CONDITIONS = DEBUG;
				SWIFT_OPTIMIZATION_LEVEL = "-Onone";
				TARGETED_DEVICE_FAMILY = "1,2";
			};
			name = Debug;
		};
		EE3325221EC9F395002D9543 /* Release */ = {
			isa = XCBuildConfiguration;
			buildSettings = {
				ALWAYS_SEARCH_USER_PATHS = NO;
				CLANG_ANALYZER_NONNULL = YES;
				CLANG_ANALYZER_NUMBER_OBJECT_CONVERSION = YES_AGGRESSIVE;
				CLANG_CXX_LANGUAGE_STANDARD = "gnu++0x";
				CLANG_CXX_LIBRARY = "libc++";
				CLANG_ENABLE_MODULES = YES;
				CLANG_ENABLE_OBJC_ARC = YES;
				CLANG_WARN_BOOL_CONVERSION = YES;
				CLANG_WARN_CONSTANT_CONVERSION = YES;
				CLANG_WARN_DIRECT_OBJC_ISA_USAGE = YES_ERROR;
				CLANG_WARN_DOCUMENTATION_COMMENTS = YES;
				CLANG_WARN_EMPTY_BODY = YES;
				CLANG_WARN_ENUM_CONVERSION = YES;
				CLANG_WARN_INFINITE_RECURSION = YES;
				CLANG_WARN_INT_CONVERSION = YES;
				CLANG_WARN_OBJC_ROOT_CLASS = YES_ERROR;
				CLANG_WARN_SUSPICIOUS_MOVE = YES;
				CLANG_WARN_UNREACHABLE_CODE = YES;
				CLANG_WARN__DUPLICATE_METHOD_MATCH = YES;
				"CODE_SIGN_IDENTITY[sdk=iphoneos*]" = "iPhone Developer";
				COPY_PHASE_STRIP = NO;
				DEBUG_INFORMATION_FORMAT = "dwarf-with-dsym";
				ENABLE_NS_ASSERTIONS = NO;
				ENABLE_STRICT_OBJC_MSGSEND = YES;
				GCC_C_LANGUAGE_STANDARD = gnu99;
				GCC_NO_COMMON_BLOCKS = YES;
				GCC_WARN_64_TO_32_BIT_CONVERSION = YES;
				GCC_WARN_ABOUT_RETURN_TYPE = YES_ERROR;
				GCC_WARN_UNDECLARED_SELECTOR = YES;
				GCC_WARN_UNINITIALIZED_AUTOS = YES_AGGRESSIVE;
				GCC_WARN_UNUSED_FUNCTION = YES;
				GCC_WARN_UNUSED_VARIABLE = YES;
				IPHONEOS_DEPLOYMENT_TARGET = 10.3;
				MTL_ENABLE_DEBUG_INFO = NO;
				SDKROOT = iphoneos;
				SWIFT_OPTIMIZATION_LEVEL = "-Owholemodule";
				TARGETED_DEVICE_FAMILY = "1,2";
				VALIDATE_PRODUCT = YES;
			};
			name = Release;
		};
		EE3325241EC9F395002D9543 /* Debug */ = {
			isa = XCBuildConfiguration;
			baseConfigurationReference = 6CE316CF5A1693807A51241E /* Pods-InSignLanguage.debug.xcconfig */;
			buildSettings = {
				ASSETCATALOG_COMPILER_APPICON_NAME = AppIcon;
				DEVELOPMENT_TEAM = 2KBR239UZK;
				INFOPLIST_FILE = InSignLanguage/Info.plist;
				LD_RUNPATH_SEARCH_PATHS = "$(inherited) @executable_path/Frameworks";
				PRODUCT_BUNDLE_IDENTIFIER = com.lingoing.InSignLanguage;
				PRODUCT_NAME = "$(TARGET_NAME)";
				SWIFT_VERSION = 3.0;
			};
			name = Debug;
		};
		EE3325251EC9F395002D9543 /* Release */ = {
			isa = XCBuildConfiguration;
			baseConfigurationReference = 98433EAD26FC19263B3AAB5F /* Pods-InSignLanguage.release.xcconfig */;
			buildSettings = {
				ASSETCATALOG_COMPILER_APPICON_NAME = AppIcon;
				DEVELOPMENT_TEAM = 2KBR239UZK;
				INFOPLIST_FILE = InSignLanguage/Info.plist;
				LD_RUNPATH_SEARCH_PATHS = "$(inherited) @executable_path/Frameworks";
				PRODUCT_BUNDLE_IDENTIFIER = com.lingoing.InSignLanguage;
				PRODUCT_NAME = "$(TARGET_NAME)";
				SWIFT_VERSION = 3.0;
			};
			name = Release;
		};
/* End XCBuildConfiguration section */

/* Begin XCConfigurationList section */
		EE33250C1EC9F394002D9543 /* Build configuration list for PBXProject "InSignLanguage" */ = {
			isa = XCConfigurationList;
			buildConfigurations = (
				EE3325211EC9F395002D9543 /* Debug */,
				EE3325221EC9F395002D9543 /* Release */,
			);
			defaultConfigurationIsVisible = 0;
			defaultConfigurationName = Release;
		};
		EE3325231EC9F395002D9543 /* Build configuration list for PBXNativeTarget "InSignLanguage" */ = {
			isa = XCConfigurationList;
			buildConfigurations = (
				EE3325241EC9F395002D9543 /* Debug */,
				EE3325251EC9F395002D9543 /* Release */,
			);
			defaultConfigurationIsVisible = 0;
			defaultConfigurationName = Release;
		};
/* End XCConfigurationList section */
	};
	rootObject = EE3325091EC9F394002D9543 /* Project object */;
}
